
Microsoft Visual Studio Solution File, Format Version 12.00
# Visual Studio Version 16
VisualStudioVersion = 16.0.30320.27
MinimumVisualStudioVersion = 10.0.40219.1
Project("{FAE04EC0-301F-11D3-BF4B-00C04F79EFBC}") = "WhenTwoTalk", "WhenTwoTalk.csproj", "{AB09EC8F-7549-493E-B762-C15A6C348904}"
EndProject
Global
	GlobalSection(SolutionConfigurationPlatforms) = preSolution
		Debug|Any CPU = Debug|Any CPU
		Release|Any CPU = Release|Any CPU
	EndGlobalSection
	GlobalSection(ProjectConfigurationPlatforms) = postSolution
		{AB09EC8F-7549-493E-B762-C15A6C348904}.Debug|Any CPU.ActiveCfg = Debug|Any CPU
		{AB09EC8F-7549-493E-B762-C15A6C348904}.Debug|Any CPU.Build.0 = Debug|Any CPU
		{AB09EC8F-7549-493E-B762-C15A6C348904}.Release|Any CPU.ActiveCfg = Release|Any CPU
		{AB09EC8F-7549-493E-B762-C15A6C348904}.Release|Any CPU.Build.0 = Release|Any CPU
	EndGlobalSection
	GlobalSection(SolutionProperties) = preSolution
		HideSolutionNode = FALSE
	EndGlobalSection
	GlobalSection(ExtensibilityGlobals) = postSolution
		SolutionGuid = {E3FE99FC-CB08-495C-ABD0-D4D9156DD2DD}
	EndGlobalSection
EndGlobal
